# THIS IS AN AUTOGENERATED FILE. DO NOT EDIT THIS FILE DIRECTLY.
# yarn lockfile v1


"@types/node@^14.0.0":
  version "14.18.0"
  resolved "https://registry.yarnpkg.com/@types/node/-/node-14.18.0.tgz#98df2397f6936bfbff4f089e40e06fa5dd88d32a"
  integrity sha512-0GeIl2kmVMXEnx8tg1SlG6Gg8vkqirrW752KqolYo1PHevhhZN3bhJ67qHj+bQaINhX0Ra3TlWwRvMCd9iEfNQ==

"@types/yargs-parser@*":
  version "20.2.1"
  resolved "https://registry.yarnpkg.com/@types/yargs-parser/-/yargs-parser-20.2.1.tgz#3b9ce2489919d9e4fea439b76916abc34b2df129"
  integrity sha512-7tFImggNeNBVMsn0vLrpn1H1uPrUBdnARPTpZoitY37ZrdJREzf7I16tMrlK3hen349gr1NYh8CmZQa7CTG6Aw==

"@types/yargs@^17.0.7":
  version "17.0.7"
  resolved "https://registry.yarnpkg.com/@types/yargs/-/yargs-17.0.7.tgz#44a484c634761da4391477515a98772b82b5060f"
  integrity sha512-OvLKmpKdea1aWtqHv9bxVVcMoT6syAeK+198dfETIFkAevYRGwqh4H+KFxfjUETZuUuE5sQCAFwdOdoHUdo8eg==
  dependencies:
    "@types/yargs-parser" "*"

"@withfig/commander@^1.1.0":
  version "1.1.0"
  resolved "https://registry.yarnpkg.com/@withfig/commander/-/commander-1.1.0.tgz#44e9dde6579793cdba099138d8fa263595f191de"
  integrity sha512-U3TuWkbIfdmjldZw073TgzjBzQZOwZANVQnyslIN/RyEIvNuQZBh+OzcEiWgBw0PKrlD31vuTIIy5sTrhl9XKQ==
  dependencies:
    prettier "^2.3.2"

ansi-regex@^5.0.1:
  version "5.0.1"
  resolved "https://registry.yarnpkg.com/ansi-regex/-/ansi-regex-5.0.1.tgz#082cb2c89c9fe8659a311a53bd6a4dc5301db304"
  integrity sha512-quJQXlTSUGL2LH9SUXo8VwsY4soanhgo6LNSm84E1LBcE8s3O0wpdiRzyR9z/ZZJMlMWv37qOOb9pdJlMUEKFQ==

ansi-styles@^4.0.0:
  version "4.3.0"
  resolved "https://registry.yarnpkg.com/ansi-styles/-/ansi-styles-4.3.0.tgz#edd803628ae71c04c85ae7a0906edad34b648937"
  integrity sha512-zbB9rCJAT1rbjiVDb2hqKFHNYLxgtk8NURxZ3IZwD3F6NtxbXZQCnnSi1Lkx+IDohdPlFp222wVALIheZJQSEg==
  dependencies:
    color-convert "^2.0.1"

chalk@^5.0.0:
  version "5.0.0"
  resolved "https://registry.yarnpkg.com/chalk/-/chalk-5.0.0.tgz#bd96c6bb8e02b96e08c0c3ee2a9d90e050c7b832"
  integrity sha512-/duVOqst+luxCQRKEo4bNxinsOQtMP80ZYm7mMqzuh5PociNL0PvmHFvREJ9ueYL2TxlHjBcmLCdmocx9Vg+IQ==

cliui@^7.0.2:
  version "7.0.4"
  resolved "https://registry.yarnpkg.com/cliui/-/cliui-7.0.4.tgz#a0265ee655476fc807aea9df3df8df7783808b4f"
  integrity sha512-OcRE68cOsVMXp1Yvonl/fzkQOyjLSu/8bhPDfQt0e0/Eb283TKP20Fs2MqoPsr9SwA595rRCA+QMzYc9nBP+JQ==
  dependencies:
    string-width "^4.2.0"
    strip-ansi "^6.0.0"
    wrap-ansi "^7.0.0"

color-convert@^2.0.1:
  version "2.0.1"
  resolved "https://registry.yarnpkg.com/color-convert/-/color-convert-2.0.1.tgz#72d3a68d598c9bdb3af2ad1e84f21d896abd4de3"
  integrity sha512-RRECPsj7iu/xb5oKYcsFHSppFNnsj/52OVTRKb4zP5onXwVF3zVmmToNcOfGC+CRDpfK/U584fMg38ZHCaElKQ==
  dependencies:
    color-name "~1.1.4"

color-name@~1.1.4:
  version "1.1.4"
  resolved "https://registry.yarnpkg.com/color-name/-/color-name-1.1.4.tgz#c2a09a87acbde69543de6f63fa3995c826c536a2"
  integrity sha512-dOy+3AuW3a2wNbZHIuMZpTcgjGuLU/uBL/ubcZF9OXbDo8ff4O8yVp5Bf0efS8uEoYo5q4Fx7dY9OgQGXgAsQA==

commander@^8.3.0:
  version "8.3.0"
  resolved "https://registry.yarnpkg.com/commander/-/commander-8.3.0.tgz#4837ea1b2da67b9c616a67afbb0fafee567bca66"
  integrity sha512-OkTL9umf+He2DZkUq8f8J9of7yL6RJKI24dVITBmNfZBmri9zYZQrKkuXiKhyfPSu8tUhnVBB1iKXevvnlR4Ww==

emoji-regex@^8.0.0:
  version "8.0.0"
  resolved "https://registry.yarnpkg.com/emoji-regex/-/emoji-regex-8.0.0.tgz#e818fd69ce5ccfcb404594f842963bf53164cc37"
  integrity sha512-MSjYzcWNOA0ewAHpz0MxpYFvwg6yjy1NG3xteoqz644VCo/RPgnr1/GGt+ic3iJTzQ8Eu3TdM14SawnVUmGE6A==

esbuild-android-arm64@0.14.3:
  version "0.14.3"
  resolved "https://registry.yarnpkg.com/esbuild-android-arm64/-/esbuild-android-arm64-0.14.3.tgz#f0fc0a892dd6f2f42baf68f9ac24c9bfcfdaba20"
  integrity sha512-v/vdnGJiSGWOAXzg422T9qb4S+P3tOaYtc5n3FDR27Bh3/xQDS7PdYz/yY7HhOlVp0eGwWNbPHEi8FcEhXjsuw==

esbuild-darwin-64@0.14.3:
  version "0.14.3"
  resolved "https://registry.yarnpkg.com/esbuild-darwin-64/-/esbuild-darwin-64-0.14.3.tgz#074268b97df08dc2ea60ddd3c29b05fd93ff63d3"
  integrity sha512-swY5OtEg6cfWdgc/XEjkBP7wXSyXXeZHEsWMdh1bDiN1D6GmRphk9SgKFKTj+P3ZHhOGIcC1+UdIwHk5bUcOig==

esbuild-darwin-arm64@0.14.3:
  version "0.14.3"
  resolved "https://registry.yarnpkg.com/esbuild-darwin-arm64/-/esbuild-darwin-arm64-0.14.3.tgz#72a62c7e5c58a2321f0bb839f1368878d4a5a814"
  integrity sha512-6i9dXPk8oT87wF6VHmwzSad76eMRU2Rt+GXrwF3Y4DCJgnPssJbabNQ9gurkuEX8M0YnEyJF0d1cR7rpTzcEiA==

esbuild-freebsd-64@0.14.3:
  version "0.14.3"
  resolved "https://registry.yarnpkg.com/esbuild-freebsd-64/-/esbuild-freebsd-64-0.14.3.tgz#63f507254f41ccbab97bb6dce655e7dbc127f351"
  integrity sha512-WDY5ENsmyceeE+95U3eI+FM8yARY5akWkf21M/x/+v2P5OVsYqCYELglSeAI5Y7bhteCVV3g4i2fRqtkmprdSA==

esbuild-freebsd-arm64@0.14.3:
  version "0.14.3"
  resolved "https://registry.yarnpkg.com/esbuild-freebsd-arm64/-/esbuild-freebsd-arm64-0.14.3.tgz#6520f6c8339df943633586d0d597ac2ee1f1958d"
  integrity sha512-4BEEGcP0wBzg04pCCWXlgaPuksQHHfwHvYgCIsi+7IsuB17ykt6MHhTkHR5b5pjI/jNtRhPfMsDODUyftQJgvw==

esbuild-linux-32@0.14.3:
  version "0.14.3"
  resolved "https://registry.yarnpkg.com/esbuild-linux-32/-/esbuild-linux-32-0.14.3.tgz#813d7baf2d33675c9264a07b09a26c39d588abb2"
  integrity sha512-8yhsnjLG/GwCA1RAIndjmCHWViRB2Ol0XeOh2fCXS9qF8tlVrJB7qAiHZpm2vXx+yjOA/bFLTxzU+5pMKqkn5A==

esbuild-linux-64@0.14.3:
  version "0.14.3"
  resolved "https://registry.yarnpkg.com/esbuild-linux-64/-/esbuild-linux-64-0.14.3.tgz#6356ff2d2c6ec978eb6e794a8891cc5cfadab3f1"
  integrity sha512-eNq4aixfbwXHIJq4bQDe+XaSNV1grxqpZYs/zHbp0HGHf6SBNlTI02uyTbYGpIzlXmCEPS9tpPCi7BTU45kcJQ==

esbuild-linux-arm64@0.14.3:
  version "0.14.3"
  resolved "https://registry.yarnpkg.com/esbuild-linux-arm64/-/esbuild-linux-arm64-0.14.3.tgz#a289bb67a5207e021d1ac8cae3532771eda473a6"
  integrity sha512-wPLyRoqoV/tEMQ7M24DpAmCMyKqBmtgZY35w2tXM8X5O5b2Ohi7fkPSmd6ZgLIxZIApWt88toA8RT0S7qoxcOA==

esbuild-linux-arm@0.14.3:
  version "0.14.3"
  resolved "https://registry.yarnpkg.com/esbuild-linux-arm/-/esbuild-linux-arm-0.14.3.tgz#b193de64458d4829be18206e58d127296367c189"
  integrity sha512-YcMvJHAQnWrWKb+eLxN9e/iWUC/3w01UF/RXuMknqOW3prX8UQ63QknWz9/RI8BY/sdrdgPEbSmsTU2jy2cayQ==

esbuild-linux-mips64le@0.14.3:
  version "0.14.3"
  resolved "https://registry.yarnpkg.com/esbuild-linux-mips64le/-/esbuild-linux-mips64le-0.14.3.tgz#d3c826fc746f1cbf3aea696017b001625ea28b59"
  integrity sha512-DdmfM5rcuoqjQL3px5MbquAjZWnySB5LdTrg52SSapp0gXMnGcsM6GY2WVta02CMKn5qi7WPVG4WbqTWE++tJw==

esbuild-linux-ppc64le@0.14.3:
  version "0.14.3"
  resolved "https://registry.yarnpkg.com/esbuild-linux-ppc64le/-/esbuild-linux-ppc64le-0.14.3.tgz#483974c92555eefe86d623145ff5f328074b6c9b"
  integrity sha512-ujdqryj0m135Ms9yaNDVFAcLeRtyftM/v2v7Osji5zElf2TivSMdFxdrYnYICuHfkm8c8gHg1ncwqitL0r+nnA==

esbuild-netbsd-64@0.14.3:
  version "0.14.3"
  resolved "https://registry.yarnpkg.com/esbuild-netbsd-64/-/esbuild-netbsd-64-0.14.3.tgz#76442f9d2d6e6dc796d18eb321256ccdc68ead53"
  integrity sha512-Z/UB9OUdwo1KDJCSGnVueDuKowRZRkduLvRMegHtDBHC3lS5LfZ3RdM1i+4MMN9iafyk8Q9FNcqIXI178ZujvA==

esbuild-openbsd-64@0.14.3:
  version "0.14.3"
  resolved "https://registry.yarnpkg.com/esbuild-openbsd-64/-/esbuild-openbsd-64-0.14.3.tgz#13b0adfd39e165f0dfd30af3e629c601b1b5fa36"
  integrity sha512-9I1uoMDeogq3zQuTe3qygmXYjImnvc6rBn51LLbLniQDlfvqHPBMnAZ/5KshwtXXIIMkCwByytDZdiuzRRlTvQ==

esbuild-sunos-64@0.14.3:
  version "0.14.3"
  resolved "https://registry.yarnpkg.com/esbuild-sunos-64/-/esbuild-sunos-64-0.14.3.tgz#f8ce1a0c6f165b82d589c7f3de01baf094587fd2"
  integrity sha512-pldqx/Adxl4V4ymiyKxOOyJmHn6nUIo3wqk2xBx07iDgmL2XTcDDQd7N4U4QGu9LnYN4ZF+8IdOYa3oRRpbjtg==

esbuild-windows-32@0.14.3:
  version "0.14.3"
  resolved "https://registry.yarnpkg.com/esbuild-windows-32/-/esbuild-windows-32-0.14.3.tgz#f555cbf0fca5974c3c303d9d9ff0d39e08f26916"
  integrity sha512-AqzvA/KbkC2m3kTXGpljLin3EttRbtoPTfBn6w6n2m9MWkTEbhQbE1ONoOBxhO5tExmyJdL/6B87TJJD5jEFBQ==

esbuild-windows-64@0.14.3:
  version "0.14.3"
  resolved "https://registry.yarnpkg.com/esbuild-windows-64/-/esbuild-windows-64-0.14.3.tgz#02c9804f9ca5e587ccb8b18e46a00f9237e54689"
  integrity sha512-HGg3C6113zLGB5hN41PROTnBuoh/arG2lQdOird6xFl9giff1cAfMQOUJUfODKD57dDqHjQ1YGW8gOkg0/IrWw==

esbuild-windows-arm64@0.14.3:
  version "0.14.3"
  resolved "https://registry.yarnpkg.com/esbuild-windows-arm64/-/esbuild-windows-arm64-0.14.3.tgz#8bcf737feddde3ccf4d2d6d581b2422b45a9b6e2"
  integrity sha512-qB2izYu4VpigGnOrAN2Yv7ICYLZWY/AojZtwFfteViDnHgW4jXPYkHQIXTISJbRz25H2cYiv+MfRQYK31RNjlw==

esbuild@^0.14.3:
  version "0.14.3"
  resolved "https://registry.yarnpkg.com/esbuild/-/esbuild-0.14.3.tgz#38db1d26aaeccc43f478225974538e2c4de9d6b1"
  integrity sha512-zyEC5hkguW2oieXRXp8VJzQdcO/1FxCS5GjzqOHItRlojXnx/cTavsrkxdWvBH9li2lUq0bN+LeeVEmyCwiR/Q==
  optionalDependencies:
    esbuild-android-arm64 "0.14.3"
    esbuild-darwin-64 "0.14.3"
    esbuild-darwin-arm64 "0.14.3"
    esbuild-freebsd-64 "0.14.3"
    esbuild-freebsd-arm64 "0.14.3"
    esbuild-linux-32 "0.14.3"
    esbuild-linux-64 "0.14.3"
    esbuild-linux-arm "0.14.3"
    esbuild-linux-arm64 "0.14.3"
    esbuild-linux-mips64le "0.14.3"
    esbuild-linux-ppc64le "0.14.3"
    esbuild-netbsd-64 "0.14.3"
    esbuild-openbsd-64 "0.14.3"
    esbuild-sunos-64 "0.14.3"
    esbuild-windows-32 "0.14.3"
    esbuild-windows-64 "0.14.3"
    esbuild-windows-arm64 "0.14.3"

escalade@^3.1.1:
  version "3.1.1"
  resolved "https://registry.yarnpkg.com/escalade/-/escalade-3.1.1.tgz#d8cfdc7000965c5a0174b4a82eaa5c0552742e40"
  integrity sha512-k0er2gUkLf8O0zKJiAhmkTnJlTvINGv7ygDNPbeIsX/TJjGJZHuh9B2UxbsaEkmlEo9MfhrSzmhIlhRlI2GXnw==

get-caller-file@^2.0.5:
  version "2.0.5"
  resolved "https://registry.yarnpkg.com/get-caller-file/-/get-caller-file-2.0.5.tgz#4f94412a82db32f36e3b0b9741f8a97feb031f7e"
  integrity sha512-DyFP3BM/3YHTQOCUL/w0OZHR0lpKeGrxotcHWcqNEdnltqFwXVfhEBQ94eIo34AfQpo0rGki4cyIiftY06h2Fg==

is-fullwidth-code-point@^3.0.0:
  version "3.0.0"
  resolved "https://registry.yarnpkg.com/is-fullwidth-code-point/-/is-fullwidth-code-point-3.0.0.tgz#f116f8064fe90b3f7844a38997c0b75051269f1d"
  integrity sha512-zymm5+u+sCsSWyD9qNaejV3DFvhCKclKdizYaJUuHA83RLjb7nSuGnddCHGv0hk+KY7BMAlsWeK4Ueg6EV6XQg==

prettier@^2.3.2, prettier@^2.5.1:
  version "2.5.1"
  resolved "https://registry.yarnpkg.com/prettier/-/prettier-2.5.1.tgz#fff75fa9d519c54cf0fce328c1017d94546bc56a"
  integrity sha512-vBZcPRUR5MZJwoyi3ZoyQlc1rXeEck8KgeC9AwwOn+exuxLxq5toTRDTSaVrXHxelDMHy9zlicw8u66yxoSUFg==

require-directory@^2.1.1:
  version "2.1.1"
  resolved "https://registry.yarnpkg.com/require-directory/-/require-directory-2.1.1.tgz#8c64ad5fd30dab1c976e2344ffe7f792a6a6df42"
  integrity sha1-jGStX9MNqxyXbiNE/+f3kqam30I=

string-width@^4.1.0, string-width@^4.2.0, string-width@^4.2.3:
  version "4.2.3"
  resolved "https://registry.yarnpkg.com/string-width/-/string-width-4.2.3.tgz#269c7117d27b05ad2e536830a8ec895ef9c6d010"
  integrity sha512-wKyQRQpjJ0sIp62ErSZdGsjMJWsap5oRNihHhu6G7JVO/9jIB6UyevL+tXuOqrng8j/cxKTWyWUwvSTriiZz/g==
  dependencies:
    emoji-regex "^8.0.0"
    is-fullwidth-code-point "^3.0.0"
    strip-ansi "^6.0.1"

strip-ansi@^6.0.0, strip-ansi@^6.0.1:
  version "6.0.1"
  resolved "https://registry.yarnpkg.com/strip-ansi/-/strip-ansi-6.0.1.tgz#9e26c63d30f53443e9489495b2105d37b67a85d9"
  integrity sha512-Y38VPSHcqkFrCpFnQ9vuSXmquuv5oXOKpGeT6aGrr3o3Gc9AlVa6JBfUSOCnbxGGZF+/0ooI7KrPuUSztUdU5A==
  dependencies:
    ansi-regex "^5.0.1"

typescript@^4.5:
  version "4.5.4"
  resolved "https://registry.yarnpkg.com/typescript/-/typescript-4.5.4.tgz#a17d3a0263bf5c8723b9c52f43c5084edf13c2e8"
  integrity sha512-VgYs2A2QIRuGphtzFV7aQJduJ2gyfTljngLzjpfW9FoYZF6xuw1W0vW9ghCKLfcWrCFxK81CSGRAvS1pn4fIUg==

wrap-ansi@^7.0.0:
  version "7.0.0"
  resolved "https://registry.yarnpkg.com/wrap-ansi/-/wrap-ansi-7.0.0.tgz#67e145cff510a6a6984bdf1152911d69d2eb9e43"
  integrity sha512-YVGIj2kamLSTxw6NsZjoBxfSwsn0ycdesmc4p+Q21c5zPuZ1pl+NfxVdxPtdHvmNVOQ6XSYG4AUtyt/Fi7D16Q==
  dependencies:
    ansi-styles "^4.0.0"
    string-width "^4.1.0"
    strip-ansi "^6.0.0"

y18n@^5.0.5:
  version "5.0.8"
  resolved "https://registry.yarnpkg.com/y18n/-/y18n-5.0.8.tgz#7f4934d0f7ca8c56f95314939ddcd2dd91ce1d55"
  integrity sha512-0pfFzegeDWJHJIAmTLRP2DwHjdF5s7jo9tuztdQxAhINCdvS+3nGINqPd00AphqJR/0LhANUS6/+7SCb98YOfA==

yargs-parser@^21.0.0:
  version "21.0.0"
  resolved "https://registry.yarnpkg.com/yargs-parser/-/yargs-parser-21.0.0.tgz#a485d3966be4317426dd56bdb6a30131b281dc55"
  integrity sha512-z9kApYUOCwoeZ78rfRYYWdiU/iNL6mwwYlkkZfJoyMR1xps+NEBX5X7XmRpxkZHhXJ6+Ey00IwKxBBSW9FIjyA==

yargs@^17.3.0:
  version "17.3.0"
  resolved "https://registry.yarnpkg.com/yargs/-/yargs-17.3.0.tgz#295c4ffd0eef148ef3e48f7a2e0f58d0e4f26b1c"
  integrity sha512-GQl1pWyDoGptFPJx9b9L6kmR33TGusZvXIZUT+BOz9f7X2L94oeAskFYLEg/FkhV06zZPBYLvLZRWeYId29lew==
  dependencies:
    cliui "^7.0.2"
    escalade "^3.1.1"
    get-caller-file "^2.0.5"
    require-directory "^2.1.1"
    string-width "^4.2.3"
    y18n "^5.0.5"
    yargs-parser "^21.0.0"
